
Microsoft Visual Studio Solution File, Format Version 12.00
# Visual Studio Version 16
VisualStudioVersion = 16.0.29503.13
MinimumVisualStudioVersion = 10.0.40219.1
Project("{FAE04EC0-301F-11D3-BF4B-00C04F79EFBC}") = "RSTDataManager", "RSTDataManager\RSTDataManager.csproj", "{F5060509-6AB7-4333-8E28-1D633F69D1AC}"
EndProject
Project("{00D1A9C2-B5F0-4AF3-8072-F6C62B433612}") = "RSTData", "RSTData\RSTData.sqlproj", "{9C71887D-F44D-48EF-95B9-22482E2B2C58}"
EndProject
Project("{FAE04EC0-301F-11D3-BF4B-00C04F79EFBC}") = "RSTDesktopUI", "RSTDesktopUI\RSTDesktopUI.csproj", "{7847E970-8B21-462B-8288-174C05F079D8}"
EndProject
Project("{FAE04EC0-301F-11D3-BF4B-00C04F79EFBC}") = "RSTDataManager.Library", "RSTDataManager.Library\RSTDataManager.Library.csproj", "{51B48559-CAB2-4B7C-84A2-05A3412262B5}"
EndProject
Project("{FAE04EC0-301F-11D3-BF4B-00C04F79EFBC}") = "RSTDesktopUI.Library", "RSTDesktopUI.Library\RSTDesktopUI.Library.csproj", "{5666ED7F-9102-4AB3-B20C-1E45735BF256}"
EndProject
Global
	GlobalSection(SolutionConfigurationPlatforms) = preSolution
		Debug|Any CPU = Debug|Any CPU
		Release|Any CPU = Release|Any CPU
	EndGlobalSection
	GlobalSection(ProjectConfigurationPlatforms) = postSolution
		{F5060509-6AB7-4333-8E28-1D633F69D1AC}.Debug|Any CPU.ActiveCfg = Debug|Any CPU
		{F5060509-6AB7-4333-8E28-1D633F69D1AC}.Debug|Any CPU.Build.0 = Debug|Any CPU
		{F5060509-6AB7-4333-8E28-1D633F69D1AC}.Release|Any CPU.ActiveCfg = Release|Any CPU
		{F5060509-6AB7-4333-8E28-1D633F69D1AC}.Release|Any CPU.Build.0 = Release|Any CPU
		{9C71887D-F44D-48EF-95B9-22482E2B2C58}.Debug|Any CPU.ActiveCfg = Debug|Any CPU
		{9C71887D-F44D-48EF-95B9-22482E2B2C58}.Debug|Any CPU.Build.0 = Debug|Any CPU
		{9C71887D-F44D-48EF-95B9-22482E2B2C58}.Debug|Any CPU.Deploy.0 = Debug|Any CPU
		{9C71887D-F44D-48EF-95B9-22482E2B2C58}.Release|Any CPU.ActiveCfg = Release|Any CPU
		{9C71887D-F44D-48EF-95B9-22482E2B2C58}.Release|Any CPU.Build.0 = Release|Any CPU
		{9C71887D-F44D-48EF-95B9-22482E2B2C58}.Release|Any CPU.Deploy.0 = Release|Any CPU
		{7847E970-8B21-462B-8288-174C05F079D8}.Debug|Any CPU.ActiveCfg = Debug|Any CPU
		{7847E970-8B21-462B-8288-174C05F079D8}.Debug|Any CPU.Build.0 = Debug|Any CPU
		{7847E970-8B21-462B-8288-174C05F079D8}.Release|Any CPU.ActiveCfg = Release|Any CPU
		{7847E970-8B21-462B-8288-174C05F079D8}.Release|Any CPU.Build.0 = Release|Any CPU
		{51B48559-CAB2-4B7C-84A2-05A3412262B5}.Debug|Any CPU.ActiveCfg = Debug|Any CPU
		{51B48559-CAB2-4B7C-84A2-05A3412262B5}.Debug|Any CPU.Build.0 = Debug|Any CPU
		{51B48559-CAB2-4B7C-84A2-05A3412262B5}.Release|Any CPU.ActiveCfg = Release|Any CPU
		{51B48559-CAB2-4B7C-84A2-05A3412262B5}.Release|Any CPU.Build.0 = Release|Any CPU
		{5666ED7F-9102-4AB3-B20C-1E45735BF256}.Debug|Any CPU.ActiveCfg = Debug|Any CPU
		{5666ED7F-9102-4AB3-B20C-1E45735BF256}.Debug|Any CPU.Build.0 = Debug|Any CPU
		{5666ED7F-9102-4AB3-B20C-1E45735BF256}.Release|Any CPU.ActiveCfg = Release|Any CPU
		{5666ED7F-9102-4AB3-B20C-1E45735BF256}.Release|Any CPU.Build.0 = Release|Any CPU
	EndGlobalSection
	GlobalSection(SolutionProperties) = preSolution
		HideSolutionNode = FALSE
	EndGlobalSection
	GlobalSection(ExtensibilityGlobals) = postSolution
		SolutionGuid = {6F7423E7-6A18-47E3-99EF-1A11E0BCB707}
	EndGlobalSection
EndGlobal
